{
  "name": "malikalendar3",
  "version": "1.0.0",
  "lockfileVersion": 1,
  "requires": true,
  "dependencies": {
    "danimeseci3": {
      "version": "1.0.2",
      "resolved": "https://registry.npmjs.org/danimeseci3/-/danimeseci3-1.0.2.tgz",
      "integrity": "sha512-7h55z4F3WFnd7eQ15hSLRAdV6FUrG8GptVaDQhXTq6iJQ96zRfOUabUuhXulf7LaObxIqhvA4srjWKKqxyCPHw=="
    }
  }
}
