{
  "requires": true,
  "lockfileVersion": 1,
  "dependencies": {
    "danimeseci3": {
      "version": "1.0.0",
      "resolved": "https://registry.npmjs.org/danimeseci3/-/danimeseci3-1.0.0.tgz",
      "integrity": "sha512-CNJbEWmr7KNLQIafyxb/CjlgBjFuRwkDdFCP5vfw45NQ0nr/d0OFVr+1UsxTIyKltsJMuut5EALg7mJgidoL4w=="
    }
  }
}
